
Microsoft Visual Studio Solution File, Format Version 12.00
# Visual Studio 2015
Project("{FAE04EC0-301F-11D3-BF4B-00C04F79EFBC}") = "Indefinite Game Jam.CSharp", "Indefinite Game Jam.CSharp.csproj", "{DCA1BE83-367C-FAF8-3B14-02BC8472940E}"
EndProject
Global
	GlobalSection(SolutionConfigurationPlatforms) = preSolution
		Debug|Any CPU = Debug|Any CPU
		Release|Any CPU = Release|Any CPU
	EndGlobalSection
	GlobalSection(ProjectConfigurationPlatforms) = postSolution
		{DCA1BE83-367C-FAF8-3B14-02BC8472940E}.Debug|Any CPU.ActiveCfg = Debug|Any CPU
		{DCA1BE83-367C-FAF8-3B14-02BC8472940E}.Debug|Any CPU.Build.0 = Debug|Any CPU
		{DCA1BE83-367C-FAF8-3B14-02BC8472940E}.Release|Any CPU.ActiveCfg = Release|Any CPU
		{DCA1BE83-367C-FAF8-3B14-02BC8472940E}.Release|Any CPU.Build.0 = Release|Any CPU
	EndGlobalSection
	GlobalSection(SolutionProperties) = preSolution
		HideSolutionNode = FALSE
	EndGlobalSection
EndGlobal
