Microsoft Visual Studio Solution File, Format Version 11.00
# Visual Studio 2008

Project("{376F10DB-F1A1-A257-859E-8E30DB77884F}") = "Indefinite Game Jam", "Assembly-CSharp.csproj", "{5A1C1160-55E9-A145-EC36-FDC436ECDFD5}"
EndProject
Global
	GlobalSection(SolutionConfigurationPlatforms) = preSolution
		Debug|Any CPU = Debug|Any CPU
		Release|Any CPU = Release|Any CPU
	EndGlobalSection
	GlobalSection(ProjectConfigurationPlatforms) = postSolution
		{5A1C1160-55E9-A145-EC36-FDC436ECDFD5}.Debug|Any CPU.ActiveCfg = Debug|Any CPU
		{5A1C1160-55E9-A145-EC36-FDC436ECDFD5}.Debug|Any CPU.Build.0 = Debug|Any CPU
		{5A1C1160-55E9-A145-EC36-FDC436ECDFD5}.Release|Any CPU.ActiveCfg = Release|Any CPU
		{5A1C1160-55E9-A145-EC36-FDC436ECDFD5}.Release|Any CPU.Build.0 = Release|Any CPU
	EndGlobalSection
	GlobalSection(SolutionProperties) = preSolution
		HideSolutionNode = FALSE
	EndGlobalSection
	GlobalSection(MonoDevelopProperties) = preSolution
		StartupItem = Assembly-CSharp.csproj
	EndGlobalSection
EndGlobal
